github.com/golang-infrastructure/go-iterator v0.0.0-20230524171120-56988a9b127c h1:h4321AFRVv5rTKcColUjE5pa+Y1exG1e6aEXn43L/Eg=
github.com/golang-infrastructure/go-iterator v0.0.0-20230524171120-56988a9b127c/go.mod h1:Guf14ZZ7f7qiE0YpZbUkICcm7LWc3nrn3/gDObT//WI=
github.com/golang-infrastructure/go-pointer v0.0.5 h1:wzZ/XnXKzD3DWECTnUpUh+xAlGSWqfn/pQyusPNsqrQ=
github.com/golang-infrastructure/go-pointer v0.0.5/go.mod h1:SBP0/8QH+mr8LGP/tDo28EQ2b45WqfzjXYbPjmK88g8=
github.com/golang-infrastructure/go-reflect-utils v0.0.0-20221130143747-965ef2eb09c3 h1:jJ7AdpNdLQudsx1hiXY9iwmauHARV4/UB52KnBh9Se0=
github.com/golang-infrastructure/go-reflect-utils v0.0.0-20221130143747-965ef2eb09c3/go.mod h1:zqXYxqOBa1mL2ilBK6PuH/Wb/Iego7en6XhiKWdZQHI=
github.com/google/uuid v1.3.0 h1:t6JiXgmwXMjEs8VusXIJk2BXHsn+wx8BZdTaoZ5fu7I=
github.com/google/uuid v1.3.0/go.mod h1:TIyPZe4MgqvfeYDBFedMoGGpEw/LqOeaOT+nhxU+yHo=
github.com/storage-lock/go-events v0.0.3 h1:QuNbaREe5m1WYC0meKs7SRJ5lY11a18jCJJS/mGD3SA=
github.com/storage-lock/go-events v0.0.3/go.mod h1:DKwPgfuq8T8CyPLipH+0XHsNt8hEN4g9krUGfosU2oY=
github.com/storage-lock/go-storage v0.0.2 h1:N5glUlrr1bbJ8ixYsPmOv+TuhIOObX/65+hrNMPWFDc=
github.com/storage-lock/go-storage v0.0.2/go.mod h1:4vuU2nLdbmzj2UIBKpwB5lj8RI+GnPDZ4YHZ7QAcFHE=
github.com/storage-lock/go-utils v0.0.2 h1:pdacTOlD+AHqwWVmDqZLcjKF+7p8TjsmlvZ9bmmkIfE=
github.com/storage-lock/go-utils v0.0.2/go.mod h1:tx8ATHL7yOC0Nyjpba7hJNk0+QNt2XEnMr8NcGm9Gak=
go.uber.org/multierr v1.11.0 h1:blXXJkSxSSfBVBlC76pxqeO+LN3aDfLQo+309xJstO0=
go.uber.org/multierr v1.11.0/go.mod h1:20+QtiLqy0Nd6FdQB9TLXag12DsQkrbs3htMFfDN80Y=
go.uber.org/zap v1.25.0 h1:4Hvk6GtkucQ790dqmj7l1eEnRdKm3k3ZUrUMS2d5+5c=
go.uber.org/zap v1.25.0/go.mod h1:JIAUzQIH94IC4fOJQm7gMmBJP5k7wQfdcnYdPoEXJYk=
